
Microsoft Visual Studio Solution File, Format Version 12.00
# Visual Studio Version 16
VisualStudioVersion = 16.0.31005.135
MinimumVisualStudioVersion = 10.0.40219.1
Project("{FAE04EC0-301F-11D3-BF4B-00C04F79EFBC}") = "MVC_LOGIN", "MVC_LOGIN\MVC_LOGIN.csproj", "{3923F834-B30B-4652-AEFC-C4922D1FD94B}"
EndProject
Global
	GlobalSection(SolutionConfigurationPlatforms) = preSolution
		Debug|Any CPU = Debug|Any CPU
		Release|Any CPU = Release|Any CPU
	EndGlobalSection
	GlobalSection(ProjectConfigurationPlatforms) = postSolution
		{3923F834-B30B-4652-AEFC-C4922D1FD94B}.Debug|Any CPU.ActiveCfg = Debug|Any CPU
		{3923F834-B30B-4652-AEFC-C4922D1FD94B}.Debug|Any CPU.Build.0 = Debug|Any CPU
		{3923F834-B30B-4652-AEFC-C4922D1FD94B}.Release|Any CPU.ActiveCfg = Release|Any CPU
		{3923F834-B30B-4652-AEFC-C4922D1FD94B}.Release|Any CPU.Build.0 = Release|Any CPU
	EndGlobalSection
	GlobalSection(SolutionProperties) = preSolution
		HideSolutionNode = FALSE
	EndGlobalSection
	GlobalSection(ExtensibilityGlobals) = postSolution
		SolutionGuid = {F772E2E8-6222-41BD-85B0-AB44E494A743}
	EndGlobalSection
EndGlobal
